
Microsoft Visual Studio Solution File, Format Version 12.00
# Visual Studio 15
VisualStudioVersion = 15.0.28307.168
MinimumVisualStudioVersion = 10.0.40219.1
Project("{9A19103F-16F7-4668-BE54-9A1E7A4F7556}") = "UnprofessionalsApp.Web", "UnprofessionalsApp.Web\UnprofessionalsApp.Web.csproj", "{69A1677D-CB9A-4614-8191-F3FFB7AEF78A}"
EndProject
Project("{2150E333-8FDC-42A3-9474-1A3956D46DE8}") = "Web", "Web", "{54E1B911-3ACB-471F-AD66-8951BA68CFE5}"
EndProject
Project("{2150E333-8FDC-42A3-9474-1A3956D46DE8}") = "Data", "Data", "{6CB25BB6-1C59-48E8-B413-ED01B48FDAFC}"
EndProject
Project("{9A19103F-16F7-4668-BE54-9A1E7A4F7556}") = "UnprofessionalsApp.Data", "..\Data\UnprofessionalsApp.Data\UnprofessionalsApp.Data.csproj", "{37D8C37C-6729-40A1-9E6A-6DD5536BDD48}"
EndProject
Project("{9A19103F-16F7-4668-BE54-9A1E7A4F7556}") = "UnprofessionalsApp.Models", "..\Data\UnprofessionalsApp.Models\UnprofessionalsApp.Models.csproj", "{0BC8829E-DF5F-4A7C-930A-93C21018599A}"
EndProject
Project("{2150E333-8FDC-42A3-9474-1A3956D46DE8}") = "Tests", "Tests", "{C8785D32-4679-460D-A2F5-89E1CCA85024}"
EndProject
Project("{2150E333-8FDC-42A3-9474-1A3956D46DE8}") = "Services", "Services", "{2EAFEB76-3B79-4E8B-A87A-8C9204C54BA3}"
EndProject
Project("{9A19103F-16F7-4668-BE54-9A1E7A4F7556}") = "UnprofessionalsApp.Common", "..\Data\UnprofessionalsApp.Common\UnprofessionalsApp.Common.csproj", "{A3D4CFA4-EF6A-4CFF-B046-415A59781C0E}"
EndProject
Project("{9A19103F-16F7-4668-BE54-9A1E7A4F7556}") = "UnprofessionalsApp.DataServices", "..\Services\UnprofessionalsApp.DataServices\UnprofessionalsApp.DataServices.csproj", "{ACA72C00-A584-4E26-8F4F-9AD077D074CA}"
EndProject
Project("{9A19103F-16F7-4668-BE54-9A1E7A4F7556}") = "UnprofessionalsApp.ViewInputModels", "..\Services\UnprofessionalsApp.ViewInputModels\UnprofessionalsApp.ViewInputModels.csproj", "{702EE992-BF12-4482-9A5F-3E709CF9554A}"
EndProject
Project("{9A19103F-16F7-4668-BE54-9A1E7A4F7556}") = "UnprofessionalsApp.Mapping", "..\Services\UnprofessionalsApp.Mapping\UnprofessionalsApp.Mapping.csproj", "{73D5B23B-71DB-4563-B000-12C9EC62431E}"
EndProject
Project("{2150E333-8FDC-42A3-9474-1A3956D46DE8}") = "Sandbox", "Sandbox", "{1CA99B33-BE5C-4AB6-A493-3761D0884327}"
EndProject
Project("{9A19103F-16F7-4668-BE54-9A1E7A4F7556}") = "Sandbox", "..\Tests\Sandbox\Program\Sandbox.csproj", "{B529A791-6F80-4889-AFF0-6F68C355F15E}"
EndProject
Project("{9A19103F-16F7-4668-BE54-9A1E7A4F7556}") = "UnprofessionalsApp.DataTransferObjects", "..\Services\UnprofessionalsApp.DataTransferObjects\UnprofessionalsApp.DataTransferObjects.csproj", "{01B9225E-B25E-4C1F-85EA-B4009854B1B5}"
EndProject
Project("{9A19103F-16F7-4668-BE54-9A1E7A4F7556}") = "UnprofessionalsApp.CustomAttributes", "..\Services\UnprofessionalsApp.CustomAttributes\UnprofessionalsApp.CustomAttributes.csproj", "{A1A9B7A5-1BE6-4199-A30A-BFC9AA87E84F}"
EndProject
Project("{2150E333-8FDC-42A3-9474-1A3956D46DE8}") = "UnprofessionalsApp.Services.DataService.Tests", "UnprofessionalsApp.Services.DataService.Tests", "{7BAF3F09-231E-43C5-97ED-B713A7D7F13F}"
EndProject
Project("{FAE04EC0-301F-11D3-BF4B-00C04F79EFBC}") = "UnprosApp.Services.DataService.Tests", "..\Tests\UnprofessionalsApp.Services.DataService.Tests\UnprosApp.Services.DataService.Tests\UnprosApp.Services.DataService.Tests.csproj", "{BAF5C969-0BA8-4BB3-86F9-3F02679D3536}"
EndProject
Global
	GlobalSection(SolutionConfigurationPlatforms) = preSolution
		Debug|Any CPU = Debug|Any CPU
		Release|Any CPU = Release|Any CPU
	EndGlobalSection
	GlobalSection(ProjectConfigurationPlatforms) = postSolution
		{69A1677D-CB9A-4614-8191-F3FFB7AEF78A}.Debug|Any CPU.ActiveCfg = Debug|Any CPU
		{69A1677D-CB9A-4614-8191-F3FFB7AEF78A}.Debug|Any CPU.Build.0 = Debug|Any CPU
		{69A1677D-CB9A-4614-8191-F3FFB7AEF78A}.Release|Any CPU.ActiveCfg = Release|Any CPU
		{69A1677D-CB9A-4614-8191-F3FFB7AEF78A}.Release|Any CPU.Build.0 = Release|Any CPU
		{37D8C37C-6729-40A1-9E6A-6DD5536BDD48}.Debug|Any CPU.ActiveCfg = Debug|Any CPU
		{37D8C37C-6729-40A1-9E6A-6DD5536BDD48}.Debug|Any CPU.Build.0 = Debug|Any CPU
		{37D8C37C-6729-40A1-9E6A-6DD5536BDD48}.Release|Any CPU.ActiveCfg = Release|Any CPU
		{37D8C37C-6729-40A1-9E6A-6DD5536BDD48}.Release|Any CPU.Build.0 = Release|Any CPU
		{0BC8829E-DF5F-4A7C-930A-93C21018599A}.Debug|Any CPU.ActiveCfg = Debug|Any CPU
		{0BC8829E-DF5F-4A7C-930A-93C21018599A}.Debug|Any CPU.Build.0 = Debug|Any CPU
		{0BC8829E-DF5F-4A7C-930A-93C21018599A}.Release|Any CPU.ActiveCfg = Release|Any CPU
		{0BC8829E-DF5F-4A7C-930A-93C21018599A}.Release|Any CPU.Build.0 = Release|Any CPU
		{A3D4CFA4-EF6A-4CFF-B046-415A59781C0E}.Debug|Any CPU.ActiveCfg = Debug|Any CPU
		{A3D4CFA4-EF6A-4CFF-B046-415A59781C0E}.Debug|Any CPU.Build.0 = Debug|Any CPU
		{A3D4CFA4-EF6A-4CFF-B046-415A59781C0E}.Release|Any CPU.ActiveCfg = Release|Any CPU
		{A3D4CFA4-EF6A-4CFF-B046-415A59781C0E}.Release|Any CPU.Build.0 = Release|Any CPU
		{ACA72C00-A584-4E26-8F4F-9AD077D074CA}.Debug|Any CPU.ActiveCfg = Debug|Any CPU
		{ACA72C00-A584-4E26-8F4F-9AD077D074CA}.Debug|Any CPU.Build.0 = Debug|Any CPU
		{ACA72C00-A584-4E26-8F4F-9AD077D074CA}.Release|Any CPU.ActiveCfg = Release|Any CPU
		{ACA72C00-A584-4E26-8F4F-9AD077D074CA}.Release|Any CPU.Build.0 = Release|Any CPU
		{702EE992-BF12-4482-9A5F-3E709CF9554A}.Debug|Any CPU.ActiveCfg = Debug|Any CPU
		{702EE992-BF12-4482-9A5F-3E709CF9554A}.Debug|Any CPU.Build.0 = Debug|Any CPU
		{702EE992-BF12-4482-9A5F-3E709CF9554A}.Release|Any CPU.ActiveCfg = Release|Any CPU
		{702EE992-BF12-4482-9A5F-3E709CF9554A}.Release|Any CPU.Build.0 = Release|Any CPU
		{73D5B23B-71DB-4563-B000-12C9EC62431E}.Debug|Any CPU.ActiveCfg = Debug|Any CPU
		{73D5B23B-71DB-4563-B000-12C9EC62431E}.Debug|Any CPU.Build.0 = Debug|Any CPU
		{73D5B23B-71DB-4563-B000-12C9EC62431E}.Release|Any CPU.ActiveCfg = Release|Any CPU
		{73D5B23B-71DB-4563-B000-12C9EC62431E}.Release|Any CPU.Build.0 = Release|Any CPU
		{B529A791-6F80-4889-AFF0-6F68C355F15E}.Debug|Any CPU.ActiveCfg = Debug|Any CPU
		{B529A791-6F80-4889-AFF0-6F68C355F15E}.Debug|Any CPU.Build.0 = Debug|Any CPU
		{B529A791-6F80-4889-AFF0-6F68C355F15E}.Release|Any CPU.ActiveCfg = Release|Any CPU
		{B529A791-6F80-4889-AFF0-6F68C355F15E}.Release|Any CPU.Build.0 = Release|Any CPU
		{01B9225E-B25E-4C1F-85EA-B4009854B1B5}.Debug|Any CPU.ActiveCfg = Debug|Any CPU
		{01B9225E-B25E-4C1F-85EA-B4009854B1B5}.Debug|Any CPU.Build.0 = Debug|Any CPU
		{01B9225E-B25E-4C1F-85EA-B4009854B1B5}.Release|Any CPU.ActiveCfg = Release|Any CPU
		{01B9225E-B25E-4C1F-85EA-B4009854B1B5}.Release|Any CPU.Build.0 = Release|Any CPU
		{A1A9B7A5-1BE6-4199-A30A-BFC9AA87E84F}.Debug|Any CPU.ActiveCfg = Debug|Any CPU
		{A1A9B7A5-1BE6-4199-A30A-BFC9AA87E84F}.Debug|Any CPU.Build.0 = Debug|Any CPU
		{A1A9B7A5-1BE6-4199-A30A-BFC9AA87E84F}.Release|Any CPU.ActiveCfg = Release|Any CPU
		{A1A9B7A5-1BE6-4199-A30A-BFC9AA87E84F}.Release|Any CPU.Build.0 = Release|Any CPU
		{BAF5C969-0BA8-4BB3-86F9-3F02679D3536}.Debug|Any CPU.ActiveCfg = Debug|Any CPU
		{BAF5C969-0BA8-4BB3-86F9-3F02679D3536}.Debug|Any CPU.Build.0 = Debug|Any CPU
		{BAF5C969-0BA8-4BB3-86F9-3F02679D3536}.Release|Any CPU.ActiveCfg = Release|Any CPU
		{BAF5C969-0BA8-4BB3-86F9-3F02679D3536}.Release|Any CPU.Build.0 = Release|Any CPU
	EndGlobalSection
	GlobalSection(SolutionProperties) = preSolution
		HideSolutionNode = FALSE
	EndGlobalSection
	GlobalSection(NestedProjects) = preSolution
		{69A1677D-CB9A-4614-8191-F3FFB7AEF78A} = {54E1B911-3ACB-471F-AD66-8951BA68CFE5}
		{37D8C37C-6729-40A1-9E6A-6DD5536BDD48} = {6CB25BB6-1C59-48E8-B413-ED01B48FDAFC}
		{0BC8829E-DF5F-4A7C-930A-93C21018599A} = {6CB25BB6-1C59-48E8-B413-ED01B48FDAFC}
		{A3D4CFA4-EF6A-4CFF-B046-415A59781C0E} = {6CB25BB6-1C59-48E8-B413-ED01B48FDAFC}
		{ACA72C00-A584-4E26-8F4F-9AD077D074CA} = {2EAFEB76-3B79-4E8B-A87A-8C9204C54BA3}
		{702EE992-BF12-4482-9A5F-3E709CF9554A} = {2EAFEB76-3B79-4E8B-A87A-8C9204C54BA3}
		{73D5B23B-71DB-4563-B000-12C9EC62431E} = {2EAFEB76-3B79-4E8B-A87A-8C9204C54BA3}
		{1CA99B33-BE5C-4AB6-A493-3761D0884327} = {C8785D32-4679-460D-A2F5-89E1CCA85024}
		{B529A791-6F80-4889-AFF0-6F68C355F15E} = {1CA99B33-BE5C-4AB6-A493-3761D0884327}
		{01B9225E-B25E-4C1F-85EA-B4009854B1B5} = {2EAFEB76-3B79-4E8B-A87A-8C9204C54BA3}
		{A1A9B7A5-1BE6-4199-A30A-BFC9AA87E84F} = {2EAFEB76-3B79-4E8B-A87A-8C9204C54BA3}
		{7BAF3F09-231E-43C5-97ED-B713A7D7F13F} = {C8785D32-4679-460D-A2F5-89E1CCA85024}
		{BAF5C969-0BA8-4BB3-86F9-3F02679D3536} = {7BAF3F09-231E-43C5-97ED-B713A7D7F13F}
	EndGlobalSection
	GlobalSection(ExtensibilityGlobals) = postSolution
		SolutionGuid = {66EF6492-C476-49A0-999A-3F97896E78DE}
	EndGlobalSection
EndGlobal
