
Microsoft Visual Studio Solution File, Format Version 12.00
# Visual Studio 15
VisualStudioVersion = 15.0.28307.168
MinimumVisualStudioVersion = 10.0.40219.1
Project("{2150E333-8FDC-42A3-9474-1A3956D46DE8}") = "Web", "Web", "{812BD836-C171-4A52-84A3-6DF54C6209FB}"
EndProject
Project("{FAE04EC0-301F-11D3-BF4B-00C04F79EFBC}") = "UnprofessionalsApp.Web", "Web\UnprofessionalsApp.Web\UnprofessionalsApp.Web.csproj", "{0178EC09-F7B6-4AC7-83C9-73D4623F8BD3}"
EndProject
Global
	GlobalSection(SolutionConfigurationPlatforms) = preSolution
		Debug|Any CPU = Debug|Any CPU
		Release|Any CPU = Release|Any CPU
	EndGlobalSection
	GlobalSection(ProjectConfigurationPlatforms) = postSolution
		{0178EC09-F7B6-4AC7-83C9-73D4623F8BD3}.Debug|Any CPU.ActiveCfg = Debug|Any CPU
		{0178EC09-F7B6-4AC7-83C9-73D4623F8BD3}.Debug|Any CPU.Build.0 = Debug|Any CPU
		{0178EC09-F7B6-4AC7-83C9-73D4623F8BD3}.Release|Any CPU.ActiveCfg = Release|Any CPU
		{0178EC09-F7B6-4AC7-83C9-73D4623F8BD3}.Release|Any CPU.Build.0 = Release|Any CPU
	EndGlobalSection
	GlobalSection(SolutionProperties) = preSolution
		HideSolutionNode = FALSE
	EndGlobalSection
	GlobalSection(NestedProjects) = preSolution
		{0178EC09-F7B6-4AC7-83C9-73D4623F8BD3} = {812BD836-C171-4A52-84A3-6DF54C6209FB}
	EndGlobalSection
	GlobalSection(ExtensibilityGlobals) = postSolution
		SolutionGuid = {C98FAF4D-4E55-4302-8568-A8CDD6C55B5D}
	EndGlobalSection
EndGlobal
