
Microsoft Visual Studio Solution File, Format Version 12.00
# Visual Studio 15
VisualStudioVersion = 15.0.28307.168
MinimumVisualStudioVersion = 10.0.40219.1
Project("{2150E333-8FDC-42A3-9474-1A3956D46DE8}") = "Web", "Web", "{AC504E4F-2A9F-4EB7-91AA-EC56941A573C}"
EndProject
Project("{2150E333-8FDC-42A3-9474-1A3956D46DE8}") = "Data", "Data", "{546A8101-5106-4BB1-9111-44EC61070A66}"
EndProject
Project("{9A19103F-16F7-4668-BE54-9A1E7A4F7556}") = "UnprofessioanalsApp.Web", "Web\UnprofessioanalsApp.Web\UnprofessioanalsApp.Web.csproj", "{067582BC-F571-4C8A-9A09-801315915070}"
EndProject
Global
	GlobalSection(SolutionConfigurationPlatforms) = preSolution
		Debug|Any CPU = Debug|Any CPU
		Release|Any CPU = Release|Any CPU
	EndGlobalSection
	GlobalSection(ProjectConfigurationPlatforms) = postSolution
		{067582BC-F571-4C8A-9A09-801315915070}.Debug|Any CPU.ActiveCfg = Debug|Any CPU
		{067582BC-F571-4C8A-9A09-801315915070}.Debug|Any CPU.Build.0 = Debug|Any CPU
		{067582BC-F571-4C8A-9A09-801315915070}.Release|Any CPU.ActiveCfg = Release|Any CPU
		{067582BC-F571-4C8A-9A09-801315915070}.Release|Any CPU.Build.0 = Release|Any CPU
	EndGlobalSection
	GlobalSection(SolutionProperties) = preSolution
		HideSolutionNode = FALSE
	EndGlobalSection
	GlobalSection(NestedProjects) = preSolution
		{067582BC-F571-4C8A-9A09-801315915070} = {AC504E4F-2A9F-4EB7-91AA-EC56941A573C}
	EndGlobalSection
	GlobalSection(ExtensibilityGlobals) = postSolution
		SolutionGuid = {86312D8A-EB13-41F4-B566-2E317AD569CF}
	EndGlobalSection
EndGlobal
